
Microsoft Visual Studio Solution File, Format Version 12.00
# Visual Studio Version 17
VisualStudioVersion = 17.0.32014.148
MinimumVisualStudioVersion = 10.0.40219.1
Project("{9A19103F-16F7-4668-BE54-9A1E7A4F7556}") = "FileRenamer", "FileRenamer\FileRenamer.csproj", "{9021EABC-2845-49D4-9AF6-02061669BC98}"
EndProject
Project("{9A19103F-16F7-4668-BE54-9A1E7A4F7556}") = "FileRenamer.Core Tester", "FileRenamer.Core Tester\FileRenamer.Core Tester.csproj", "{D0FFB052-94E6-43BA-B029-22410B1CF3D5}"
EndProject
Project("{9A19103F-16F7-4668-BE54-9A1E7A4F7556}") = "FileRenamer.Core", "FileRenamer.Core\FileRenamer.Core.csproj", "{6AB7BF7F-7C6D-4F26-BF5F-06867BC0A792}"
EndProject
Global
	GlobalSection(SolutionConfigurationPlatforms) = preSolution
		Debug|Any CPU = Debug|Any CPU
		Debug|arm64 = Debug|arm64
		Debug|x64 = Debug|x64
		Debug|x86 = Debug|x86
		Release|Any CPU = Release|Any CPU
		Release|arm64 = Release|arm64
		Release|x64 = Release|x64
		Release|x86 = Release|x86
	EndGlobalSection
	GlobalSection(ProjectConfigurationPlatforms) = postSolution
		{9021EABC-2845-49D4-9AF6-02061669BC98}.Debug|Any CPU.ActiveCfg = Debug|x64
		{9021EABC-2845-49D4-9AF6-02061669BC98}.Debug|Any CPU.Build.0 = Debug|x64
		{9021EABC-2845-49D4-9AF6-02061669BC98}.Debug|Any CPU.Deploy.0 = Debug|x64
		{9021EABC-2845-49D4-9AF6-02061669BC98}.Debug|arm64.ActiveCfg = Debug|arm64
		{9021EABC-2845-49D4-9AF6-02061669BC98}.Debug|arm64.Build.0 = Debug|arm64
		{9021EABC-2845-49D4-9AF6-02061669BC98}.Debug|arm64.Deploy.0 = Debug|arm64
		{9021EABC-2845-49D4-9AF6-02061669BC98}.Debug|x64.ActiveCfg = Debug|x64
		{9021EABC-2845-49D4-9AF6-02061669BC98}.Debug|x64.Build.0 = Debug|x64
		{9021EABC-2845-49D4-9AF6-02061669BC98}.Debug|x64.Deploy.0 = Debug|x64
		{9021EABC-2845-49D4-9AF6-02061669BC98}.Debug|x86.ActiveCfg = Debug|x86
		{9021EABC-2845-49D4-9AF6-02061669BC98}.Debug|x86.Build.0 = Debug|x86
		{9021EABC-2845-49D4-9AF6-02061669BC98}.Debug|x86.Deploy.0 = Debug|x86
		{9021EABC-2845-49D4-9AF6-02061669BC98}.Release|Any CPU.ActiveCfg = Release|x64
		{9021EABC-2845-49D4-9AF6-02061669BC98}.Release|Any CPU.Build.0 = Release|x64
		{9021EABC-2845-49D4-9AF6-02061669BC98}.Release|Any CPU.Deploy.0 = Release|x64
		{9021EABC-2845-49D4-9AF6-02061669BC98}.Release|arm64.ActiveCfg = Release|arm64
		{9021EABC-2845-49D4-9AF6-02061669BC98}.Release|arm64.Build.0 = Release|arm64
		{9021EABC-2845-49D4-9AF6-02061669BC98}.Release|arm64.Deploy.0 = Release|arm64
		{9021EABC-2845-49D4-9AF6-02061669BC98}.Release|x64.ActiveCfg = Release|x64
		{9021EABC-2845-49D4-9AF6-02061669BC98}.Release|x64.Build.0 = Release|x64
		{9021EABC-2845-49D4-9AF6-02061669BC98}.Release|x64.Deploy.0 = Release|x64
		{9021EABC-2845-49D4-9AF6-02061669BC98}.Release|x86.ActiveCfg = Release|x86
		{9021EABC-2845-49D4-9AF6-02061669BC98}.Release|x86.Build.0 = Release|x86
		{9021EABC-2845-49D4-9AF6-02061669BC98}.Release|x86.Deploy.0 = Release|x86
		{D0FFB052-94E6-43BA-B029-22410B1CF3D5}.Debug|Any CPU.ActiveCfg = Debug|Any CPU
		{D0FFB052-94E6-43BA-B029-22410B1CF3D5}.Debug|Any CPU.Build.0 = Debug|Any CPU
		{D0FFB052-94E6-43BA-B029-22410B1CF3D5}.Debug|arm64.ActiveCfg = Debug|Any CPU
		{D0FFB052-94E6-43BA-B029-22410B1CF3D5}.Debug|arm64.Build.0 = Debug|Any CPU
		{D0FFB052-94E6-43BA-B029-22410B1CF3D5}.Debug|x64.ActiveCfg = Debug|Any CPU
		{D0FFB052-94E6-43BA-B029-22410B1CF3D5}.Debug|x64.Build.0 = Debug|Any CPU
		{D0FFB052-94E6-43BA-B029-22410B1CF3D5}.Debug|x86.ActiveCfg = Debug|Any CPU
		{D0FFB052-94E6-43BA-B029-22410B1CF3D5}.Debug|x86.Build.0 = Debug|Any CPU
		{D0FFB052-94E6-43BA-B029-22410B1CF3D5}.Release|Any CPU.ActiveCfg = Release|Any CPU
		{D0FFB052-94E6-43BA-B029-22410B1CF3D5}.Release|Any CPU.Build.0 = Release|Any CPU
		{D0FFB052-94E6-43BA-B029-22410B1CF3D5}.Release|arm64.ActiveCfg = Release|Any CPU
		{D0FFB052-94E6-43BA-B029-22410B1CF3D5}.Release|arm64.Build.0 = Release|Any CPU
		{D0FFB052-94E6-43BA-B029-22410B1CF3D5}.Release|x64.ActiveCfg = Release|Any CPU
		{D0FFB052-94E6-43BA-B029-22410B1CF3D5}.Release|x64.Build.0 = Release|Any CPU
		{D0FFB052-94E6-43BA-B029-22410B1CF3D5}.Release|x86.ActiveCfg = Release|Any CPU
		{D0FFB052-94E6-43BA-B029-22410B1CF3D5}.Release|x86.Build.0 = Release|Any CPU
		{6AB7BF7F-7C6D-4F26-BF5F-06867BC0A792}.Debug|Any CPU.ActiveCfg = Debug|Any CPU
		{6AB7BF7F-7C6D-4F26-BF5F-06867BC0A792}.Debug|Any CPU.Build.0 = Debug|Any CPU
		{6AB7BF7F-7C6D-4F26-BF5F-06867BC0A792}.Debug|arm64.ActiveCfg = Debug|Any CPU
		{6AB7BF7F-7C6D-4F26-BF5F-06867BC0A792}.Debug|arm64.Build.0 = Debug|Any CPU
		{6AB7BF7F-7C6D-4F26-BF5F-06867BC0A792}.Debug|x64.ActiveCfg = Debug|Any CPU
		{6AB7BF7F-7C6D-4F26-BF5F-06867BC0A792}.Debug|x64.Build.0 = Debug|Any CPU
		{6AB7BF7F-7C6D-4F26-BF5F-06867BC0A792}.Debug|x86.ActiveCfg = Debug|Any CPU
		{6AB7BF7F-7C6D-4F26-BF5F-06867BC0A792}.Debug|x86.Build.0 = Debug|Any CPU
		{6AB7BF7F-7C6D-4F26-BF5F-06867BC0A792}.Release|Any CPU.ActiveCfg = Release|Any CPU
		{6AB7BF7F-7C6D-4F26-BF5F-06867BC0A792}.Release|Any CPU.Build.0 = Release|Any CPU
		{6AB7BF7F-7C6D-4F26-BF5F-06867BC0A792}.Release|arm64.ActiveCfg = Release|Any CPU
		{6AB7BF7F-7C6D-4F26-BF5F-06867BC0A792}.Release|arm64.Build.0 = Release|Any CPU
		{6AB7BF7F-7C6D-4F26-BF5F-06867BC0A792}.Release|x64.ActiveCfg = Release|Any CPU
		{6AB7BF7F-7C6D-4F26-BF5F-06867BC0A792}.Release|x64.Build.0 = Release|Any CPU
		{6AB7BF7F-7C6D-4F26-BF5F-06867BC0A792}.Release|x86.ActiveCfg = Release|Any CPU
		{6AB7BF7F-7C6D-4F26-BF5F-06867BC0A792}.Release|x86.Build.0 = Release|Any CPU
	EndGlobalSection
	GlobalSection(SolutionProperties) = preSolution
		HideSolutionNode = FALSE
	EndGlobalSection
	GlobalSection(ExtensibilityGlobals) = postSolution
		SolutionGuid = {7555AE13-14BE-40B9-BAA0-989FAB8566B3}
	EndGlobalSection
EndGlobal
